// !$*UTF8*$!
{
	archiveVersion = 1;
	classes = {
	};
	objectVersion = 46;
	objects = {

/* Begin PBXBuildFile section */
		848F71D21E6D136500B03A58 /* Assets.xcassets in Resources */ = {isa = PBXBuildFile; fileRef = 848F71C11E6D136500B03A58 /* Assets.xcassets */; };
		848F71D31E6D136500B03A58 /* LaunchScreen.storyboard in Resources */ = {isa = PBXBuildFile; fileRef = 848F71C21E6D136500B03A58 /* LaunchScreen.storyboard */; };
		848F71D41E6D136500B03A58 /* Main.storyboard in Resources */ = {isa = PBXBuildFile; fileRef = 848F71C41E6D136500B03A58 /* Main.storyboard */; };
		848F71D51E6D136500B03A58 /* Localizable.strings in Resources */ = {isa = PBXBuildFile; fileRef = 848F71C61E6D136500B03A58 /* Localizable.strings */; };
		848F71D61E6D136500B03A58 /* AppDelegate.swift in Sources */ = {isa = PBXBuildFile; fileRef = 848F71CA1E6D136500B03A58 /* AppDelegate.swift */; };
		848F71D71E6D136500B03A58 /* TaskSwift.swift in Sources */ = {isa = PBXBuildFile; fileRef = 848F71CC1E6D136500B03A58 /* TaskSwift.swift */; };
		848F71D81E6D136500B03A58 /* TaskEditViewController.swift in Sources */ = {isa = PBXBuildFile; fileRef = 848F71CE1E6D136500B03A58 /* TaskEditViewController.swift */; };
		848F71D91E6D136500B03A58 /* TaskListViewController.swift in Sources */ = {isa = PBXBuildFile; fileRef = 848F71CF1E6D136500B03A58 /* TaskListViewController.swift */; };
		848F71DA1E6D136500B03A58 /* Info.plist in Resources */ = {isa = PBXBuildFile; fileRef = 848F71D11E6D136500B03A58 /* Info.plist */; };
/* End PBXBuildFile section */

/* Begin PBXFileReference section */
		848F71C11E6D136500B03A58 /* Assets.xcassets */ = {isa = PBXFileReference; lastKnownFileType = folder.assetcatalog; path = Assets.xcassets; sourceTree = "<group>"; };
		848F71C31E6D136500B03A58 /* Base */ = {isa = PBXFileReference; lastKnownFileType = file.storyboard; name = Base; path = Base.lproj/LaunchScreen.storyboard; sourceTree = "<group>"; };
		848F71C51E6D136500B03A58 /* Base */ = {isa = PBXFileReference; lastKnownFileType = file.storyboard; name = Base; path = Base.lproj/Main.storyboard; sourceTree = "<group>"; };
		848F71C71E6D136500B03A58 /* en */ = {isa = PBXFileReference; lastKnownFileType = text.plist.strings; name = en; path = en.lproj/Localizable.strings; sourceTree = "<group>"; };
		848F71C81E6D136500B03A58 /* ko */ = {isa = PBXFileReference; lastKnownFileType = text.plist.strings; name = ko; path = ko.lproj/Localizable.strings; sourceTree = "<group>"; };
		848F71CA1E6D136500B03A58 /* AppDelegate.swift */ = {isa = PBXFileReference; fileEncoding = 4; lastKnownFileType = sourcecode.swift; path = AppDelegate.swift; sourceTree = "<group>"; };
		848F71CC1E6D136500B03A58 /* TaskSwift.swift */ = {isa = PBXFileReference; fileEncoding = 4; lastKnownFileType = sourcecode.swift; path = TaskSwift.swift; sourceTree = "<group>"; };
		848F71CE1E6D136500B03A58 /* TaskEditViewController.swift */ = {isa = PBXFileReference; fileEncoding = 4; lastKnownFileType = sourcecode.swift; path = TaskEditViewController.swift; sourceTree = "<group>"; };
		848F71CF1E6D136500B03A58 /* TaskListViewController.swift */ = {isa = PBXFileReference; fileEncoding = 4; lastKnownFileType = sourcecode.swift; path = TaskListViewController.swift; sourceTree = "<group>"; };
		848F71D11E6D136500B03A58 /* Info.plist */ = {isa = PBXFileReference; fileEncoding = 4; lastKnownFileType = text.plist.xml; path = Info.plist; sourceTree = "<group>"; };
		84D014631E51EB2A001B69F7 /* Todobox.app */ = {isa = PBXFileReference; explicitFileType = wrapper.application; includeInIndex = 0; path = Todobox.app; sourceTree = BUILT_PRODUCTS_DIR; };
/* End PBXFileReference section */

/* Begin PBXFrameworksBuildPhase section */
		84D014601E51EB2A001B69F7 /* Frameworks */ = {
			isa = PBXFrameworksBuildPhase;
			buildActionMask = 2147483647;
			files = (
			);
			runOnlyForDeploymentPostprocessing = 0;
		};
/* End PBXFrameworksBuildPhase section */

/* Begin PBXGroup section */
		848F71BF1E6D136500B03A58 /* TodoboxEx */ = {
			isa = PBXGroup;
			children = (
				848F71C01E6D136500B03A58 /* Resources */,
				848F71C91E6D136500B03A58 /* Sources */,
				848F71D01E6D136500B03A58 /* Supporting Files */,
			);
			path = TodoboxEx;
			sourceTree = "<group>";
		};
		848F71C01E6D136500B03A58 /* Resources */ = {
			isa = PBXGroup;
			children = (
				848F71C11E6D136500B03A58 /* Assets.xcassets */,
				848F71C21E6D136500B03A58 /* LaunchScreen.storyboard */,
				848F71C41E6D136500B03A58 /* Main.storyboard */,
				848F71C61E6D136500B03A58 /* Localizable.strings */,
			);
			path = Resources;
			sourceTree = "<group>";
		};
		848F71C91E6D136500B03A58 /* Sources */ = {
			isa = PBXGroup;
			children = (
				848F71CA1E6D136500B03A58 /* AppDelegate.swift */,
				848F71CB1E6D136500B03A58 /* Models */,
				848F71CD1E6D136500B03A58 /* ViewControllers */,
			);
			path = Sources;
			sourceTree = "<group>";
		};
		848F71CB1E6D136500B03A58 /* Models */ = {
			isa = PBXGroup;
			children = (
				848F71CC1E6D136500B03A58 /* TaskSwift.swift */,
			);
			path = Models;
			sourceTree = "<group>";
		};
		848F71CD1E6D136500B03A58 /* ViewControllers */ = {
			isa = PBXGroup;
			children = (
				848F71CE1E6D136500B03A58 /* TaskEditViewController.swift */,
				848F71CF1E6D136500B03A58 /* TaskListViewController.swift */,
			);
			path = ViewControllers;
			sourceTree = "<group>";
		};
		848F71D01E6D136500B03A58 /* Supporting Files */ = {
			isa = PBXGroup;
			children = (
				848F71D11E6D136500B03A58 /* Info.plist */,
			);
			path = "Supporting Files";
			sourceTree = "<group>";
		};
		84D0145A1E51EB2A001B69F7 = {
			isa = PBXGroup;
			children = (
				848F71BF1E6D136500B03A58 /* TodoboxEx */,
				84D014641E51EB2A001B69F7 /* Products */,
			);
			sourceTree = "<group>";
		};
		84D014641E51EB2A001B69F7 /* Products */ = {
			isa = PBXGroup;
			children = (
				84D014631E51EB2A001B69F7 /* Todobox.app */,
			);
			name = Products;
			sourceTree = "<group>";
		};
/* End PBXGroup section */

/* Begin PBXNativeTarget section */
		84D014621E51EB2A001B69F7 /* Todobox */ = {
			isa = PBXNativeTarget;
			buildConfigurationList = 84D014751E51EB2A001B69F7 /* Build configuration list for PBXNativeTarget "Todobox" */;
			buildPhases = (
				84D0145F1E51EB2A001B69F7 /* Sources */,
				84D014601E51EB2A001B69F7 /* Frameworks */,
				84D014611E51EB2A001B69F7 /* Resources */,
			);
			buildRules = (
			);
			dependencies = (
			);
			name = Todobox;
			productName = Todobox;
			productReference = 84D014631E51EB2A001B69F7 /* Todobox.app */;
			productType = "com.apple.product-type.application";
		};
/* End PBXNativeTarget section */

/* Begin PBXProject section */
		84D0145B1E51EB2A001B69F7 /* Project object */ = {
			isa = PBXProject;
			attributes = {
				LastSwiftUpdateCheck = 0820;
				LastUpgradeCheck = 0820;
				ORGANIZATIONNAME = admin;
				TargetAttributes = {
					84D014621E51EB2A001B69F7 = {
						CreatedOnToolsVersion = 8.2.1;
						ProvisioningStyle = Automatic;
					};
				};
			};
			buildConfigurationList = 84D0145E1E51EB2A001B69F7 /* Build configuration list for PBXProject "TodoboxEx" */;
			compatibilityVersion = "Xcode 3.2";
			developmentRegion = English;
			hasScannedForEncodings = 0;
			knownRegions = (
				en,
				Base,
				ko,
			);
			mainGroup = 84D0145A1E51EB2A001B69F7;
			productRefGroup = 84D014641E51EB2A001B69F7 /* Products */;
			projectDirPath = "";
			projectRoot = "";
			targets = (
				84D014621E51EB2A001B69F7 /* Todobox */,
			);
		};
/* End PBXProject section */

/* Begin PBXResourcesBuildPhase section */
		84D014611E51EB2A001B69F7 /* Resources */ = {
			isa = PBXResourcesBuildPhase;
			buildActionMask = 2147483647;
			files = (
				848F71D41E6D136500B03A58 /* Main.storyboard in Resources */,
				848F71D51E6D136500B03A58 /* Localizable.strings in Resources */,
				848F71D21E6D136500B03A58 /* Assets.xcassets in Resources */,
				848F71DA1E6D136500B03A58 /* Info.plist in Resources */,
				848F71D31E6D136500B03A58 /* LaunchScreen.storyboard in Resources */,
			);
			runOnlyForDeploymentPostprocessing = 0;
		};
/* End PBXResourcesBuildPhase section */

/* Begin PBXSourcesBuildPhase section */
		84D0145F1E51EB2A001B69F7 /* Sources */ = {
			isa = PBXSourcesBuildPhase;
			buildActionMask = 2147483647;
			files = (
				848F71D81E6D136500B03A58 /* TaskEditViewController.swift in Sources */,
				848F71D91E6D136500B03A58 /* TaskListViewController.swift in Sources */,
				848F71D71E6D136500B03A58 /* TaskSwift.swift in Sources */,
				848F71D61E6D136500B03A58 /* AppDelegate.swift in Sources */,
			);
			runOnlyForDeploymentPostprocessing = 0;
		};
/* End PBXSourcesBuildPhase section */

/* Begin PBXVariantGroup section */
		848F71C21E6D136500B03A58 /* LaunchScreen.storyboard */ = {
			isa = PBXVariantGroup;
			children = (
				848F71C31E6D136500B03A58 /* Base */,
			);
			name = LaunchScreen.storyboard;
			sourceTree = "<group>";
		};
		848F71C41E6D136500B03A58 /* Main.storyboard */ = {
			isa = PBXVariantGroup;
			children = (
				848F71C51E6D136500B03A58 /* Base */,
			);
			name = Main.storyboard;
			sourceTree = "<group>";
		};
		848F71C61E6D136500B03A58 /* Localizable.strings */ = {
			isa = PBXVariantGroup;
			children = (
				848F71C71E6D136500B03A58 /* en */,
				848F71C81E6D136500B03A58 /* ko */,
			);
			name = Localizable.strings;
			sourceTree = "<group>";
		};
/* End PBXVariantGroup section */

/* Begin XCBuildConfiguration section */
		84D014731E51EB2A001B69F7 /* Debug */ = {
			isa = XCBuildConfiguration;
			buildSettings = {
				ALWAYS_SEARCH_USER_PATHS = NO;
				CLANG_ANALYZER_LOCALIZABILITY_NONLOCALIZED = YES;
				CLANG_ANALYZER_NONNULL = YES;
				CLANG_CXX_LANGUAGE_STANDARD = "gnu++0x";
				CLANG_CXX_LIBRARY = "libc++";
				CLANG_ENABLE_MODULES = YES;
				CLANG_ENABLE_OBJC_ARC = YES;
				CLANG_WARN_BOOL_CONVERSION = YES;
				CLANG_WARN_CONSTANT_CONVERSION = YES;
				CLANG_WARN_DIRECT_OBJC_ISA_USAGE = YES_ERROR;
				CLANG_WARN_DOCUMENTATION_COMMENTS = YES;
				CLANG_WARN_EMPTY_BODY = YES;
				CLANG_WARN_ENUM_CONVERSION = YES;
				CLANG_WARN_INFINITE_RECURSION = YES;
				CLANG_WARN_INT_CONVERSION = YES;
				CLANG_WARN_OBJC_ROOT_CLASS = YES_ERROR;
				CLANG_WARN_SUSPICIOUS_MOVE = YES;
				CLANG_WARN_UNREACHABLE_CODE = YES;
				CLANG_WARN__DUPLICATE_METHOD_MATCH = YES;
				"CODE_SIGN_IDENTITY[sdk=iphoneos*]" = "iPhone Developer";
				COPY_PHASE_STRIP = NO;
				DEBUG_INFORMATION_FORMAT = dwarf;
				ENABLE_STRICT_OBJC_MSGSEND = YES;
				ENABLE_TESTABILITY = YES;
				GCC_C_LANGUAGE_STANDARD = gnu99;
				GCC_DYNAMIC_NO_PIC = NO;
				GCC_NO_COMMON_BLOCKS = YES;
				GCC_OPTIMIZATION_LEVEL = 0;
				GCC_PREPROCESSOR_DEFINITIONS = (
					"DEBUG=1",
					"$(inherited)",
				);
				GCC_WARN_64_TO_32_BIT_CONVERSION = YES;
				GCC_WARN_ABOUT_RETURN_TYPE = YES_ERROR;
				GCC_WARN_UNDECLARED_SELECTOR = YES;
				GCC_WARN_UNINITIALIZED_AUTOS = YES_AGGRESSIVE;
				GCC_WARN_UNUSED_FUNCTION = YES;
				GCC_WARN_UNUSED_VARIABLE = YES;
				IPHONEOS_DEPLOYMENT_TARGET = 10.2;
				MTL_ENABLE_DEBUG_INFO = YES;
				ONLY_ACTIVE_ARCH = YES;
				SDKROOT = iphoneos;
				SWIFT_ACTIVE_COMPILATION_CONDITIONS = DEBUG;
				SWIFT_OPTIMIZATION_LEVEL = "-Onone";
			};
			name = Debug;
		};
		84D014741E51EB2A001B69F7 /* Release */ = {
			isa = XCBuildConfiguration;
			buildSettings = {
				ALWAYS_SEARCH_USER_PATHS = NO;
				CLANG_ANALYZER_LOCALIZABILITY_NONLOCALIZED = YES;
				CLANG_ANALYZER_NONNULL = YES;
				CLANG_CXX_LANGUAGE_STANDARD = "gnu++0x";
				CLANG_CXX_LIBRARY = "libc++";
				CLANG_ENABLE_MODULES = YES;
				CLANG_ENABLE_OBJC_ARC = YES;
				CLANG_WARN_BOOL_CONVERSION = YES;
				CLANG_WARN_CONSTANT_CONVERSION = YES;
				CLANG_WARN_DIRECT_OBJC_ISA_USAGE = YES_ERROR;
				CLANG_WARN_DOCUMENTATION_COMMENTS = YES;
				CLANG_WARN_EMPTY_BODY = YES;
				CLANG_WARN_ENUM_CONVERSION = YES;
				CLANG_WARN_INFINITE_RECURSION = YES;
				CLANG_WARN_INT_CONVERSION = YES;
				CLANG_WARN_OBJC_ROOT_CLASS = YES_ERROR;
				CLANG_WARN_SUSPICIOUS_MOVE = YES;
				CLANG_WARN_UNREACHABLE_CODE = YES;
				CLANG_WARN__DUPLICATE_METHOD_MATCH = YES;
				"CODE_SIGN_IDENTITY[sdk=iphoneos*]" = "iPhone Developer";
				COPY_PHASE_STRIP = NO;
				DEBUG_INFORMATION_FORMAT = "dwarf-with-dsym";
				ENABLE_NS_ASSERTIONS = NO;
				ENABLE_STRICT_OBJC_MSGSEND = YES;
				GCC_C_LANGUAGE_STANDARD = gnu99;
				GCC_NO_COMMON_BLOCKS = YES;
				GCC_WARN_64_TO_32_BIT_CONVERSION = YES;
				GCC_WARN_ABOUT_RETURN_TYPE = YES_ERROR;
				GCC_WARN_UNDECLARED_SELECTOR = YES;
				GCC_WARN_UNINITIALIZED_AUTOS = YES_AGGRESSIVE;
				GCC_WARN_UNUSED_FUNCTION = YES;
				GCC_WARN_UNUSED_VARIABLE = YES;
				IPHONEOS_DEPLOYMENT_TARGET = 10.2;
				MTL_ENABLE_DEBUG_INFO = NO;
				SDKROOT = iphoneos;
				SWIFT_OPTIMIZATION_LEVEL = "-Owholemodule";
				VALIDATE_PRODUCT = YES;
			};
			name = Release;
		};
		84D014761E51EB2A001B69F7 /* Debug */ = {
			isa = XCBuildConfiguration;
			buildSettings = {
				ASSETCATALOG_COMPILER_APPICON_NAME = AppIcon;
				INFOPLIST_FILE = "$(SRCROOT)/TodoboxEx/Supporting Files/Info.plist";
				IPHONEOS_DEPLOYMENT_TARGET = 9.0;
				LD_RUNPATH_SEARCH_PATHS = "$(inherited) @executable_path/Frameworks";
				PRODUCT_BUNDLE_IDENTIFIER = admin.Todobox;
				PRODUCT_NAME = "$(TARGET_NAME)";
				SWIFT_VERSION = 3.0;
			};
			name = Debug;
		};
		84D014771E51EB2A001B69F7 /* Release */ = {
			isa = XCBuildConfiguration;
			buildSettings = {
				ASSETCATALOG_COMPILER_APPICON_NAME = AppIcon;
				INFOPLIST_FILE = "$(SRCROOT)/TodoboxEx/Supporting Files/Info.plist";
				IPHONEOS_DEPLOYMENT_TARGET = 9.0;
				LD_RUNPATH_SEARCH_PATHS = "$(inherited) @executable_path/Frameworks";
				PRODUCT_BUNDLE_IDENTIFIER = admin.Todobox;
				PRODUCT_NAME = "$(TARGET_NAME)";
				SWIFT_VERSION = 3.0;
			};
			name = Release;
		};
/* End XCBuildConfiguration section */

/* Begin XCConfigurationList section */
		84D0145E1E51EB2A001B69F7 /* Build configuration list for PBXProject "TodoboxEx" */ = {
			isa = XCConfigurationList;
			buildConfigurations = (
				84D014731E51EB2A001B69F7 /* Debug */,
				84D014741E51EB2A001B69F7 /* Release */,
			);
			defaultConfigurationIsVisible = 0;
			defaultConfigurationName = Release;
		};
		84D014751E51EB2A001B69F7 /* Build configuration list for PBXNativeTarget "Todobox" */ = {
			isa = XCConfigurationList;
			buildConfigurations = (
				84D014761E51EB2A001B69F7 /* Debug */,
				84D014771E51EB2A001B69F7 /* Release */,
			);
			defaultConfigurationIsVisible = 0;
			defaultConfigurationName = Release;
		};
/* End XCConfigurationList section */
	};
	rootObject = 84D0145B1E51EB2A001B69F7 /* Project object */;
}
